
Microsoft Visual Studio Solution File, Format Version 12.00
# Visual Studio 2012
Project("{FAE04EC0-301F-11D3-BF4B-00C04F79EFBC}") = "MultiThreadQueue", "MultiThreadQueue\MultiThreadQueue.csproj", "{79E30A8F-BE5C-4866-8CD6-A790219FC834}"
EndProject
Project("{FAE04EC0-301F-11D3-BF4B-00C04F79EFBC}") = "MultiThreadQueueTestApp", "MultiThreadQueueTestApp\MultiThreadQueueTestApp.csproj", "{E94FD88A-FA49-4391-A313-EC03E7449355}"
EndProject
Project("{FAE04EC0-301F-11D3-BF4B-00C04F79EFBC}") = "UnitTestProject", "UnitTestProject\UnitTestProject.csproj", "{F54CC301-B558-4A1D-825A-B98B13950168}"
EndProject
Global
	GlobalSection(SolutionConfigurationPlatforms) = preSolution
		Debug|Any CPU = Debug|Any CPU
		Release|Any CPU = Release|Any CPU
	EndGlobalSection
	GlobalSection(ProjectConfigurationPlatforms) = postSolution
		{79E30A8F-BE5C-4866-8CD6-A790219FC834}.Debug|Any CPU.ActiveCfg = Debug|Any CPU
		{79E30A8F-BE5C-4866-8CD6-A790219FC834}.Debug|Any CPU.Build.0 = Debug|Any CPU
		{79E30A8F-BE5C-4866-8CD6-A790219FC834}.Release|Any CPU.ActiveCfg = Release|Any CPU
		{79E30A8F-BE5C-4866-8CD6-A790219FC834}.Release|Any CPU.Build.0 = Release|Any CPU
		{E94FD88A-FA49-4391-A313-EC03E7449355}.Debug|Any CPU.ActiveCfg = Debug|Any CPU
		{E94FD88A-FA49-4391-A313-EC03E7449355}.Debug|Any CPU.Build.0 = Debug|Any CPU
		{E94FD88A-FA49-4391-A313-EC03E7449355}.Release|Any CPU.ActiveCfg = Release|Any CPU
		{E94FD88A-FA49-4391-A313-EC03E7449355}.Release|Any CPU.Build.0 = Release|Any CPU
		{F54CC301-B558-4A1D-825A-B98B13950168}.Debug|Any CPU.ActiveCfg = Debug|Any CPU
		{F54CC301-B558-4A1D-825A-B98B13950168}.Debug|Any CPU.Build.0 = Debug|Any CPU
		{F54CC301-B558-4A1D-825A-B98B13950168}.Release|Any CPU.ActiveCfg = Release|Any CPU
		{F54CC301-B558-4A1D-825A-B98B13950168}.Release|Any CPU.Build.0 = Release|Any CPU
	EndGlobalSection
	GlobalSection(SolutionProperties) = preSolution
		HideSolutionNode = FALSE
	EndGlobalSection
EndGlobal
